{
  "name": "frontend-agent-devkit",
  "version": "1.7.1",
  "lockfileVersion": 3,
  "requires": true,
  "packages": {
    "": {
      "name": "frontend-agent-devkit",
      "version": "1.7.1",
      "license": "MIT",
      "bin": {
        "frontend-agent-devkit": "bin/frontend-agent-devkit.js"
      },
      "engines": {
        "node": ">=18"
      }
    }
  }
}
